
Microsoft Visual Studio Solution File, Format Version 12.00
# Visual Studio Version 17
VisualStudioVersion = 17.14.36623.8 d17.14
MinimumVisualStudioVersion = 10.0.40219.1
Project("{8BC9CEB8-8B4A-11D0-8D11-00A0C91BC942}") = "ex5-6", "ex5-6.vcxproj", "{72B6822E-1F97-4866-B2F7-1DB72DEDCEAA}"
EndProject
Global
	GlobalSection(SolutionConfigurationPlatforms) = preSolution
		Debug|x64 = Debug|x64
		Debug|x86 = Debug|x86
		Release|x64 = Release|x64
		Release|x86 = Release|x86
	EndGlobalSection
	GlobalSection(ProjectConfigurationPlatforms) = postSolution
		{72B6822E-1F97-4866-B2F7-1DB72DEDCEAA}.Debug|x64.ActiveCfg = Debug|x64
		{72B6822E-1F97-4866-B2F7-1DB72DEDCEAA}.Debug|x64.Build.0 = Debug|x64
		{72B6822E-1F97-4866-B2F7-1DB72DEDCEAA}.Debug|x86.ActiveCfg = Debug|Win32
		{72B6822E-1F97-4866-B2F7-1DB72DEDCEAA}.Debug|x86.Build.0 = Debug|Win32
		{72B6822E-1F97-4866-B2F7-1DB72DEDCEAA}.Release|x64.ActiveCfg = Release|x64
		{72B6822E-1F97-4866-B2F7-1DB72DEDCEAA}.Release|x64.Build.0 = Release|x64
		{72B6822E-1F97-4866-B2F7-1DB72DEDCEAA}.Release|x86.ActiveCfg = Release|Win32
		{72B6822E-1F97-4866-B2F7-1DB72DEDCEAA}.Release|x86.Build.0 = Release|Win32
	EndGlobalSection
	GlobalSection(SolutionProperties) = preSolution
		HideSolutionNode = FALSE
	EndGlobalSection
	GlobalSection(ExtensibilityGlobals) = postSolution
		SolutionGuid = {A722A72F-718D-481C-AC1F-5CC627225DC9}
	EndGlobalSection
EndGlobal
